// !$*UTF8*$!
{
	archiveVersion = 1;
	classes = {
	};
	objectVersion = 48;
	objects = {

/* Begin PBXBuildFile section */
		1F36D49920A3F042007E48C9 /* PopupViewController.swift in Sources */ = {isa = PBXBuildFile; fileRef = 1F36D49820A3F042007E48C9 /* PopupViewController.swift */; };
		1F89ABB020BDFEE600758A9D /* InsideOfPostViewController.swift in Sources */ = {isa = PBXBuildFile; fileRef = 1F89ABAF20BDFEE600758A9D /* InsideOfPostViewController.swift */; };
		1F89ABB220BE042100758A9D /* CommentCell.swift in Sources */ = {isa = PBXBuildFile; fileRef = 1F89ABB120BE042100758A9D /* CommentCell.swift */; };
		2E35B5C920A21B5900F1BDE6 /* MyRoomsViewController.swift in Sources */ = {isa = PBXBuildFile; fileRef = 2E35B5C820A21B5900F1BDE6 /* MyRoomsViewController.swift */; };
		2ECF954520ACDDB30014512E /* MyRoomPreviewTableViewCell.swift in Sources */ = {isa = PBXBuildFile; fileRef = 2ECF954420ACDDB30014512E /* MyRoomPreviewTableViewCell.swift */; };
		3EC2D28A895088B8740AE58E /* Pods_Room.framework in Frameworks */ = {isa = PBXBuildFile; fileRef = 51EA329FB92475760F7B3462 /* Pods_Room.framework */; };
		4B782A1820AD3CB30005B2D4 /* PostCell.swift in Sources */ = {isa = PBXBuildFile; fileRef = 4B782A1720AD3CB30005B2D4 /* PostCell.swift */; };
		4BBF9F72208E7A390012CE86 /* AppDelegate.swift in Sources */ = {isa = PBXBuildFile; fileRef = 4BBF9F71208E7A390012CE86 /* AppDelegate.swift */; };
		4BBF9F74208E7A390012CE86 /* ViewController.swift in Sources */ = {isa = PBXBuildFile; fileRef = 4BBF9F73208E7A390012CE86 /* ViewController.swift */; };
		4BBF9F77208E7A390012CE86 /* Main.storyboard in Resources */ = {isa = PBXBuildFile; fileRef = 4BBF9F75208E7A390012CE86 /* Main.storyboard */; };
		4BBF9F7A208E7A390012CE86 /* Room.xcdatamodeld in Sources */ = {isa = PBXBuildFile; fileRef = 4BBF9F78208E7A390012CE86 /* Room.xcdatamodeld */; };
		4BBF9F7C208E7A3A0012CE86 /* Assets.xcassets in Resources */ = {isa = PBXBuildFile; fileRef = 4BBF9F7B208E7A3A0012CE86 /* Assets.xcassets */; };
		4BBF9F7F208E7A3A0012CE86 /* LaunchScreen.storyboard in Resources */ = {isa = PBXBuildFile; fileRef = 4BBF9F7D208E7A3A0012CE86 /* LaunchScreen.storyboard */; };
		4BE7318F209B7FFF0039F8F2 /* GoogleService-Info.plist in Resources */ = {isa = PBXBuildFile; fileRef = 4BE7318E209B7FFF0039F8F2 /* GoogleService-Info.plist */; };
		4BE73191209B807E0039F8F2 /* Firebase.swift in Sources */ = {isa = PBXBuildFile; fileRef = 4BE73190209B807E0039F8F2 /* Firebase.swift */; };
		4BE73193209B83600039F8F2 /* ExploreViewController.swift in Sources */ = {isa = PBXBuildFile; fileRef = 4BE73192209B83600039F8F2 /* ExploreViewController.swift */; };
		4BE73195209B86B80039F8F2 /* CoreLocation.framework in Frameworks */ = {isa = PBXBuildFile; fileRef = 4BE73194209B86B80039F8F2 /* CoreLocation.framework */; };
		4BE73197209BCE170039F8F2 /* RoomAnnotation.swift in Sources */ = {isa = PBXBuildFile; fileRef = 4BE73196209BCE170039F8F2 /* RoomAnnotation.swift */; };
		4BFD2DB320ACD8810003BD80 /* LocationManager.swift in Sources */ = {isa = PBXBuildFile; fileRef = 4BFD2DB220ACD8810003BD80 /* LocationManager.swift */; };
		4BFD2DB520ACE1350003BD80 /* Current.swift in Sources */ = {isa = PBXBuildFile; fileRef = 4BFD2DB420ACE1350003BD80 /* Current.swift */; };
		5212076020B73A84000F2EB1 /* EditPasswordViewController.swift in Sources */ = {isa = PBXBuildFile; fileRef = 5212075F20B73A84000F2EB1 /* EditPasswordViewController.swift */; };
		5212076220B73FFC000F2EB1 /* SettingsViewController.swift in Sources */ = {isa = PBXBuildFile; fileRef = 5212076120B73FFC000F2EB1 /* SettingsViewController.swift */; };
		522A38C6209B8239004E2323 /* Models.swift in Sources */ = {isa = PBXBuildFile; fileRef = 522A38C5209B8239004E2323 /* Models.swift */; };
		5261937520AD448F00E6DBE5 /* SessionManager.swift in Sources */ = {isa = PBXBuildFile; fileRef = 5261937420AD448F00E6DBE5 /* SessionManager.swift */; };
		94E747B720AA3C6300766CAF /* InsideOfRoomViewController.swift in Sources */ = {isa = PBXBuildFile; fileRef = 94E747B620AA3C6300766CAF /* InsideOfRoomViewController.swift */; };
/* End PBXBuildFile section */

/* Begin PBXFileReference section */
		1F36D49820A3F042007E48C9 /* PopupViewController.swift */ = {isa = PBXFileReference; lastKnownFileType = sourcecode.swift; path = PopupViewController.swift; sourceTree = "<group>"; };
		1F89ABAF20BDFEE600758A9D /* InsideOfPostViewController.swift */ = {isa = PBXFileReference; lastKnownFileType = sourcecode.swift; path = InsideOfPostViewController.swift; sourceTree = "<group>"; };
		1F89ABB120BE042100758A9D /* CommentCell.swift */ = {isa = PBXFileReference; lastKnownFileType = sourcecode.swift; path = CommentCell.swift; sourceTree = "<group>"; };
		2E35B5C820A21B5900F1BDE6 /* MyRoomsViewController.swift */ = {isa = PBXFileReference; lastKnownFileType = sourcecode.swift; path = MyRoomsViewController.swift; sourceTree = "<group>"; };
		2ECF954420ACDDB30014512E /* MyRoomPreviewTableViewCell.swift */ = {isa = PBXFileReference; lastKnownFileType = sourcecode.swift; path = MyRoomPreviewTableViewCell.swift; sourceTree = "<group>"; };
		4B782A1720AD3CB30005B2D4 /* PostCell.swift */ = {isa = PBXFileReference; lastKnownFileType = sourcecode.swift; path = PostCell.swift; sourceTree = "<group>"; };
		4BBF9F6E208E7A390012CE86 /* Room.app */ = {isa = PBXFileReference; explicitFileType = wrapper.application; includeInIndex = 0; path = Room.app; sourceTree = BUILT_PRODUCTS_DIR; };
		4BBF9F71208E7A390012CE86 /* AppDelegate.swift */ = {isa = PBXFileReference; lastKnownFileType = sourcecode.swift; path = AppDelegate.swift; sourceTree = "<group>"; };
		4BBF9F73208E7A390012CE86 /* ViewController.swift */ = {isa = PBXFileReference; lastKnownFileType = sourcecode.swift; path = ViewController.swift; sourceTree = "<group>"; };
		4BBF9F76208E7A390012CE86 /* Base */ = {isa = PBXFileReference; lastKnownFileType = file.storyboard; name = Base; path = Base.lproj/Main.storyboard; sourceTree = "<group>"; };
		4BBF9F79208E7A390012CE86 /* Room.xcdatamodel */ = {isa = PBXFileReference; lastKnownFileType = wrapper.xcdatamodel; path = Room.xcdatamodel; sourceTree = "<group>"; };
		4BBF9F7B208E7A3A0012CE86 /* Assets.xcassets */ = {isa = PBXFileReference; lastKnownFileType = folder.assetcatalog; path = Assets.xcassets; sourceTree = "<group>"; };
		4BBF9F7E208E7A3A0012CE86 /* Base */ = {isa = PBXFileReference; lastKnownFileType = file.storyboard; name = Base; path = Base.lproj/LaunchScreen.storyboard; sourceTree = "<group>"; };
		4BBF9F80208E7A3A0012CE86 /* Info.plist */ = {isa = PBXFileReference; lastKnownFileType = text.plist.xml; path = Info.plist; sourceTree = "<group>"; };
		4BE7318E209B7FFF0039F8F2 /* GoogleService-Info.plist */ = {isa = PBXFileReference; fileEncoding = 4; lastKnownFileType = text.plist.xml; path = "GoogleService-Info.plist"; sourceTree = "<group>"; };
		4BE73190209B807E0039F8F2 /* Firebase.swift */ = {isa = PBXFileReference; lastKnownFileType = sourcecode.swift; path = Firebase.swift; sourceTree = "<group>"; };
		4BE73192209B83600039F8F2 /* ExploreViewController.swift */ = {isa = PBXFileReference; lastKnownFileType = sourcecode.swift; path = ExploreViewController.swift; sourceTree = "<group>"; };
		4BE73194209B86B80039F8F2 /* CoreLocation.framework */ = {isa = PBXFileReference; lastKnownFileType = wrapper.framework; name = CoreLocation.framework; path = System/Library/Frameworks/CoreLocation.framework; sourceTree = SDKROOT; };
		4BE73196209BCE170039F8F2 /* RoomAnnotation.swift */ = {isa = PBXFileReference; lastKnownFileType = sourcecode.swift; path = RoomAnnotation.swift; sourceTree = "<group>"; };
		4BFD2DB220ACD8810003BD80 /* LocationManager.swift */ = {isa = PBXFileReference; lastKnownFileType = sourcecode.swift; path = LocationManager.swift; sourceTree = "<group>"; };
		4BFD2DB420ACE1350003BD80 /* Current.swift */ = {isa = PBXFileReference; lastKnownFileType = sourcecode.swift; path = Current.swift; sourceTree = "<group>"; };
		51EA329FB92475760F7B3462 /* Pods_Room.framework */ = {isa = PBXFileReference; explicitFileType = wrapper.framework; includeInIndex = 0; path = Pods_Room.framework; sourceTree = BUILT_PRODUCTS_DIR; };
		5212075F20B73A84000F2EB1 /* EditPasswordViewController.swift */ = {isa = PBXFileReference; lastKnownFileType = sourcecode.swift; path = EditPasswordViewController.swift; sourceTree = "<group>"; };
		5212076120B73FFC000F2EB1 /* SettingsViewController.swift */ = {isa = PBXFileReference; lastKnownFileType = sourcecode.swift; path = SettingsViewController.swift; sourceTree = "<group>"; };
		522A38C5209B8239004E2323 /* Models.swift */ = {isa = PBXFileReference; lastKnownFileType = sourcecode.swift; path = Models.swift; sourceTree = "<group>"; };
		5261937420AD448F00E6DBE5 /* SessionManager.swift */ = {isa = PBXFileReference; lastKnownFileType = sourcecode.swift; path = SessionManager.swift; sourceTree = "<group>"; };
		94E747B620AA3C6300766CAF /* InsideOfRoomViewController.swift */ = {isa = PBXFileReference; lastKnownFileType = sourcecode.swift; path = InsideOfRoomViewController.swift; sourceTree = "<group>"; };
		D043A0BF58CBF05F67AC7F66 /* Pods-Room.release.xcconfig */ = {isa = PBXFileReference; includeInIndex = 1; lastKnownFileType = text.xcconfig; name = "Pods-Room.release.xcconfig"; path = "Pods/Target Support Files/Pods-Room/Pods-Room.release.xcconfig"; sourceTree = "<group>"; };
		DC109A1296EC6ABAC8E0EC79 /* Pods-Room.debug.xcconfig */ = {isa = PBXFileReference; includeInIndex = 1; lastKnownFileType = text.xcconfig; name = "Pods-Room.debug.xcconfig"; path = "Pods/Target Support Files/Pods-Room/Pods-Room.debug.xcconfig"; sourceTree = "<group>"; };
/* End PBXFileReference section */

/* Begin PBXFrameworksBuildPhase section */
		4BBF9F6B208E7A390012CE86 /* Frameworks */ = {
			isa = PBXFrameworksBuildPhase;
			buildActionMask = 2147483647;
			files = (
				4BE73195209B86B80039F8F2 /* CoreLocation.framework in Frameworks */,
				3EC2D28A895088B8740AE58E /* Pods_Room.framework in Frameworks */,
			);
			runOnlyForDeploymentPostprocessing = 0;
		};
/* End PBXFrameworksBuildPhase section */

/* Begin PBXGroup section */
		1A8BFC7C48FC00E1F0B3605E /* Pods */ = {
			isa = PBXGroup;
			children = (
				DC109A1296EC6ABAC8E0EC79 /* Pods-Room.debug.xcconfig */,
				D043A0BF58CBF05F67AC7F66 /* Pods-Room.release.xcconfig */,
			);
			name = Pods;
			sourceTree = "<group>";
		};
		44E87963D002FAC494E0118A /* Frameworks */ = {
			isa = PBXGroup;
			children = (
				4BE73194209B86B80039F8F2 /* CoreLocation.framework */,
				51EA329FB92475760F7B3462 /* Pods_Room.framework */,
			);
			name = Frameworks;
			sourceTree = "<group>";
		};
		4BBF9F65208E7A390012CE86 = {
			isa = PBXGroup;
			children = (
				4BBF9F70208E7A390012CE86 /* Room */,
				4BBF9F6F208E7A390012CE86 /* Products */,
				44E87963D002FAC494E0118A /* Frameworks */,
				1A8BFC7C48FC00E1F0B3605E /* Pods */,
			);
			sourceTree = "<group>";
		};
		4BBF9F6F208E7A390012CE86 /* Products */ = {
			isa = PBXGroup;
			children = (
				4BBF9F6E208E7A390012CE86 /* Room.app */,
			);
			name = Products;
			sourceTree = "<group>";
		};
		4BBF9F70208E7A390012CE86 /* Room */ = {
			isa = PBXGroup;
			children = (
				4BE7318E209B7FFF0039F8F2 /* GoogleService-Info.plist */,
				4BBF9F71208E7A390012CE86 /* AppDelegate.swift */,
				4BBF9F73208E7A390012CE86 /* ViewController.swift */,
				94E747B620AA3C6300766CAF /* InsideOfRoomViewController.swift */,
				1F89ABAF20BDFEE600758A9D /* InsideOfPostViewController.swift */,
				4BBF9F7B208E7A3A0012CE86 /* Assets.xcassets */,
				1F36D49820A3F042007E48C9 /* PopupViewController.swift */,
				4BBF9F75208E7A390012CE86 /* Main.storyboard */,
				4BBF9F7D208E7A3A0012CE86 /* LaunchScreen.storyboard */,
				4BBF9F80208E7A3A0012CE86 /* Info.plist */,
				4BBF9F78208E7A390012CE86 /* Room.xcdatamodeld */,
				4BE73190209B807E0039F8F2 /* Firebase.swift */,
				4BE73192209B83600039F8F2 /* ExploreViewController.swift */,
				522A38C5209B8239004E2323 /* Models.swift */,
				1F89ABB120BE042100758A9D /* CommentCell.swift */,
				4BE73196209BCE170039F8F2 /* RoomAnnotation.swift */,
				2E35B5C820A21B5900F1BDE6 /* MyRoomsViewController.swift */,
				4BFD2DB220ACD8810003BD80 /* LocationManager.swift */,
				4BFD2DB420ACE1350003BD80 /* Current.swift */,
				2ECF954420ACDDB30014512E /* MyRoomPreviewTableViewCell.swift */,
				4B782A1720AD3CB30005B2D4 /* PostCell.swift */,
				5261937420AD448F00E6DBE5 /* SessionManager.swift */,
				5212075F20B73A84000F2EB1 /* EditPasswordViewController.swift */,
				5212076120B73FFC000F2EB1 /* SettingsViewController.swift */,
			);
			path = Room;
			sourceTree = "<group>";
		};
/* End PBXGroup section */

/* Begin PBXNativeTarget section */
		4BBF9F6D208E7A390012CE86 /* Room */ = {
			isa = PBXNativeTarget;
			buildConfigurationList = 4BBF9F83208E7A3A0012CE86 /* Build configuration list for PBXNativeTarget "Room" */;
			buildPhases = (
				7B9D20B03977829129D73528 /* [CP] Check Pods Manifest.lock */,
				4BBF9F6A208E7A390012CE86 /* Sources */,
				4BBF9F6B208E7A390012CE86 /* Frameworks */,
				4BBF9F6C208E7A390012CE86 /* Resources */,
				90F31C895184020556909E14 /* [CP] Embed Pods Frameworks */,
				CB8FEB5778F67AF9E3CD22FC /* [CP] Copy Pods Resources */,
			);
			buildRules = (
			);
			dependencies = (
			);
			name = Room;
			productName = Room;
			productReference = 4BBF9F6E208E7A390012CE86 /* Room.app */;
			productType = "com.apple.product-type.application";
		};
/* End PBXNativeTarget section */

/* Begin PBXProject section */
		4BBF9F66208E7A390012CE86 /* Project object */ = {
			isa = PBXProject;
			attributes = {
				LastSwiftUpdateCheck = 0930;
				LastUpgradeCheck = 0930;
				ORGANIZATIONNAME = csmith;
				TargetAttributes = {
					4BBF9F6D208E7A390012CE86 = {
						CreatedOnToolsVersion = 9.3;
						ProvisioningStyle = Automatic;
					};
				};
			};
			buildConfigurationList = 4BBF9F69208E7A390012CE86 /* Build configuration list for PBXProject "Room" */;
			compatibilityVersion = "Xcode 8.0";
			developmentRegion = en;
			hasScannedForEncodings = 0;
			knownRegions = (
				en,
				Base,
			);
			mainGroup = 4BBF9F65208E7A390012CE86;
			productRefGroup = 4BBF9F6F208E7A390012CE86 /* Products */;
			projectDirPath = "";
			projectRoot = "";
			targets = (
				4BBF9F6D208E7A390012CE86 /* Room */,
			);
		};
/* End PBXProject section */

/* Begin PBXResourcesBuildPhase section */
		4BBF9F6C208E7A390012CE86 /* Resources */ = {
			isa = PBXResourcesBuildPhase;
			buildActionMask = 2147483647;
			files = (
				4BBF9F7F208E7A3A0012CE86 /* LaunchScreen.storyboard in Resources */,
				4BE7318F209B7FFF0039F8F2 /* GoogleService-Info.plist in Resources */,
				4BBF9F7C208E7A3A0012CE86 /* Assets.xcassets in Resources */,
				4BBF9F77208E7A390012CE86 /* Main.storyboard in Resources */,
			);
			runOnlyForDeploymentPostprocessing = 0;
		};
/* End PBXResourcesBuildPhase section */

/* Begin PBXShellScriptBuildPhase section */
		7B9D20B03977829129D73528 /* [CP] Check Pods Manifest.lock */ = {
			isa = PBXShellScriptBuildPhase;
			buildActionMask = 2147483647;
			files = (
			);
			inputPaths = (
				"${PODS_PODFILE_DIR_PATH}/Podfile.lock",
				"${PODS_ROOT}/Manifest.lock",
			);
			name = "[CP] Check Pods Manifest.lock";
			outputPaths = (
				"$(DERIVED_FILE_DIR)/Pods-Room-checkManifestLockResult.txt",
			);
			runOnlyForDeploymentPostprocessing = 0;
			shellPath = /bin/sh;
			shellScript = "diff \"${PODS_PODFILE_DIR_PATH}/Podfile.lock\" \"${PODS_ROOT}/Manifest.lock\" > /dev/null\nif [ $? != 0 ] ; then\n    # print error to STDERR\n    echo \"error: The sandbox is not in sync with the Podfile.lock. Run 'pod install' or update your CocoaPods installation.\" >&2\n    exit 1\nfi\n# This output is used by Xcode 'outputs' to avoid re-running this script phase.\necho \"SUCCESS\" > \"${SCRIPT_OUTPUT_FILE_0}\"\n";
			showEnvVarsInLog = 0;
		};
		90F31C895184020556909E14 /* [CP] Embed Pods Frameworks */ = {
			isa = PBXShellScriptBuildPhase;
			buildActionMask = 2147483647;
			files = (
			);
			inputPaths = (
				"${SRCROOT}/Pods/Target Support Files/Pods-Room/Pods-Room-frameworks.sh",
				"${BUILT_PRODUCTS_DIR}/GTMSessionFetcher/GTMSessionFetcher.framework",
				"${BUILT_PRODUCTS_DIR}/GoogleToolboxForMac/GoogleToolboxForMac.framework",
				"${BUILT_PRODUCTS_DIR}/SkyFloatingLabelTextField/SkyFloatingLabelTextField.framework",
				"${BUILT_PRODUCTS_DIR}/leveldb-library/leveldb.framework",
				"${BUILT_PRODUCTS_DIR}/nanopb/nanopb.framework",
			);
			name = "[CP] Embed Pods Frameworks";
			outputPaths = (
				"${TARGET_BUILD_DIR}/${FRAMEWORKS_FOLDER_PATH}/GTMSessionFetcher.framework",
				"${TARGET_BUILD_DIR}/${FRAMEWORKS_FOLDER_PATH}/GoogleToolboxForMac.framework",
				"${TARGET_BUILD_DIR}/${FRAMEWORKS_FOLDER_PATH}/SkyFloatingLabelTextField.framework",
				"${TARGET_BUILD_DIR}/${FRAMEWORKS_FOLDER_PATH}/leveldb.framework",
				"${TARGET_BUILD_DIR}/${FRAMEWORKS_FOLDER_PATH}/nanopb.framework",
			);
			runOnlyForDeploymentPostprocessing = 0;
			shellPath = /bin/sh;
			shellScript = "\"${SRCROOT}/Pods/Target Support Files/Pods-Room/Pods-Room-frameworks.sh\"\n";
			showEnvVarsInLog = 0;
		};
		CB8FEB5778F67AF9E3CD22FC /* [CP] Copy Pods Resources */ = {
			isa = PBXShellScriptBuildPhase;
			buildActionMask = 2147483647;
			files = (
			);
			inputPaths = (
			);
			name = "[CP] Copy Pods Resources";
			outputPaths = (
			);
			runOnlyForDeploymentPostprocessing = 0;
			shellPath = /bin/sh;
			shellScript = "\"${SRCROOT}/Pods/Target Support Files/Pods-Room/Pods-Room-resources.sh\"\n";
			showEnvVarsInLog = 0;
		};
/* End PBXShellScriptBuildPhase section */

/* Begin PBXSourcesBuildPhase section */
		4BBF9F6A208E7A390012CE86 /* Sources */ = {
			isa = PBXSourcesBuildPhase;
			buildActionMask = 2147483647;
			files = (
				4BBF9F74208E7A390012CE86 /* ViewController.swift in Sources */,
				4BBF9F7A208E7A390012CE86 /* Room.xcdatamodeld in Sources */,
				1F89ABB020BDFEE600758A9D /* InsideOfPostViewController.swift in Sources */,
				4BE73193209B83600039F8F2 /* ExploreViewController.swift in Sources */,
				2E35B5C920A21B5900F1BDE6 /* MyRoomsViewController.swift in Sources */,
				4BE73197209BCE170039F8F2 /* RoomAnnotation.swift in Sources */,
				4BFD2DB520ACE1350003BD80 /* Current.swift in Sources */,
				5212076020B73A84000F2EB1 /* EditPasswordViewController.swift in Sources */,
				2ECF954520ACDDB30014512E /* MyRoomPreviewTableViewCell.swift in Sources */,
				4BE73191209B807E0039F8F2 /* Firebase.swift in Sources */,
				1F89ABB220BE042100758A9D /* CommentCell.swift in Sources */,
				4BBF9F72208E7A390012CE86 /* AppDelegate.swift in Sources */,
				4BFD2DB320ACD8810003BD80 /* LocationManager.swift in Sources */,
				1F36D49920A3F042007E48C9 /* PopupViewController.swift in Sources */,
				5212076220B73FFC000F2EB1 /* SettingsViewController.swift in Sources */,
				94E747B720AA3C6300766CAF /* InsideOfRoomViewController.swift in Sources */,
				522A38C6209B8239004E2323 /* Models.swift in Sources */,
				5261937520AD448F00E6DBE5 /* SessionManager.swift in Sources */,
				4B782A1820AD3CB30005B2D4 /* PostCell.swift in Sources */,
			);
			runOnlyForDeploymentPostprocessing = 0;
		};
/* End PBXSourcesBuildPhase section */

/* Begin PBXVariantGroup section */
		4BBF9F75208E7A390012CE86 /* Main.storyboard */ = {
			isa = PBXVariantGroup;
			children = (
				4BBF9F76208E7A390012CE86 /* Base */,
			);
			name = Main.storyboard;
			sourceTree = "<group>";
		};
		4BBF9F7D208E7A3A0012CE86 /* LaunchScreen.storyboard */ = {
			isa = PBXVariantGroup;
			children = (
				4BBF9F7E208E7A3A0012CE86 /* Base */,
			);
			name = LaunchScreen.storyboard;
			sourceTree = "<group>";
		};
/* End PBXVariantGroup section */

/* Begin XCBuildConfiguration section */
		4BBF9F81208E7A3A0012CE86 /* Debug */ = {
			isa = XCBuildConfiguration;
			buildSettings = {
				ALWAYS_SEARCH_USER_PATHS = NO;
				CLANG_ANALYZER_NONNULL = YES;
				CLANG_ANALYZER_NUMBER_OBJECT_CONVERSION = YES_AGGRESSIVE;
				CLANG_CXX_LANGUAGE_STANDARD = "gnu++14";
				CLANG_CXX_LIBRARY = "libc++";
				CLANG_ENABLE_MODULES = YES;
				CLANG_ENABLE_OBJC_ARC = YES;
				CLANG_ENABLE_OBJC_WEAK = YES;
				CLANG_WARN_BLOCK_CAPTURE_AUTORELEASING = YES;
				CLANG_WARN_BOOL_CONVERSION = YES;
				CLANG_WARN_COMMA = YES;
				CLANG_WARN_CONSTANT_CONVERSION = YES;
				CLANG_WARN_DEPRECATED_OBJC_IMPLEMENTATIONS = YES;
				CLANG_WARN_DIRECT_OBJC_ISA_USAGE = YES_ERROR;
				CLANG_WARN_DOCUMENTATION_COMMENTS = YES;
				CLANG_WARN_EMPTY_BODY = YES;
				CLANG_WARN_ENUM_CONVERSION = YES;
				CLANG_WARN_INFINITE_RECURSION = YES;
				CLANG_WARN_INT_CONVERSION = YES;
				CLANG_WARN_NON_LITERAL_NULL_CONVERSION = YES;
				CLANG_WARN_OBJC_IMPLICIT_RETAIN_SELF = YES;
				CLANG_WARN_OBJC_LITERAL_CONVERSION = YES;
				CLANG_WARN_OBJC_ROOT_CLASS = YES_ERROR;
				CLANG_WARN_RANGE_LOOP_ANALYSIS = YES;
				CLANG_WARN_STRICT_PROTOTYPES = YES;
				CLANG_WARN_SUSPICIOUS_MOVE = YES;
				CLANG_WARN_UNGUARDED_AVAILABILITY = YES_AGGRESSIVE;
				CLANG_WARN_UNREACHABLE_CODE = YES;
				CLANG_WARN__DUPLICATE_METHOD_MATCH = YES;
				CODE_SIGN_IDENTITY = "iPhone Developer";
				COPY_PHASE_STRIP = NO;
				DEBUG_INFORMATION_FORMAT = dwarf;
				ENABLE_STRICT_OBJC_MSGSEND = YES;
				ENABLE_TESTABILITY = YES;
				GCC_C_LANGUAGE_STANDARD = gnu11;
				GCC_DYNAMIC_NO_PIC = NO;
				GCC_NO_COMMON_BLOCKS = YES;
				GCC_OPTIMIZATION_LEVEL = 0;
				GCC_PREPROCESSOR_DEFINITIONS = (
					"DEBUG=1",
					"$(inherited)",
				);
				GCC_WARN_64_TO_32_BIT_CONVERSION = YES;
				GCC_WARN_ABOUT_RETURN_TYPE = YES_ERROR;
				GCC_WARN_UNDECLARED_SELECTOR = YES;
				GCC_WARN_UNINITIALIZED_AUTOS = YES_AGGRESSIVE;
				GCC_WARN_UNUSED_FUNCTION = YES;
				GCC_WARN_UNUSED_VARIABLE = YES;
				IPHONEOS_DEPLOYMENT_TARGET = 11.3;
				MTL_ENABLE_DEBUG_INFO = YES;
				ONLY_ACTIVE_ARCH = YES;
				SDKROOT = iphoneos;
				SWIFT_ACTIVE_COMPILATION_CONDITIONS = DEBUG;
				SWIFT_OPTIMIZATION_LEVEL = "-Onone";
			};
			name = Debug;
		};
		4BBF9F82208E7A3A0012CE86 /* Release */ = {
			isa = XCBuildConfiguration;
			buildSettings = {
				ALWAYS_SEARCH_USER_PATHS = NO;
				CLANG_ANALYZER_NONNULL = YES;
				CLANG_ANALYZER_NUMBER_OBJECT_CONVERSION = YES_AGGRESSIVE;
				CLANG_CXX_LANGUAGE_STANDARD = "gnu++14";
				CLANG_CXX_LIBRARY = "libc++";
				CLANG_ENABLE_MODULES = YES;
				CLANG_ENABLE_OBJC_ARC = YES;
				CLANG_ENABLE_OBJC_WEAK = YES;
				CLANG_WARN_BLOCK_CAPTURE_AUTORELEASING = YES;
				CLANG_WARN_BOOL_CONVERSION = YES;
				CLANG_WARN_COMMA = YES;
				CLANG_WARN_CONSTANT_CONVERSION = YES;
				CLANG_WARN_DEPRECATED_OBJC_IMPLEMENTATIONS = YES;
				CLANG_WARN_DIRECT_OBJC_ISA_USAGE = YES_ERROR;
				CLANG_WARN_DOCUMENTATION_COMMENTS = YES;
				CLANG_WARN_EMPTY_BODY = YES;
				CLANG_WARN_ENUM_CONVERSION = YES;
				CLANG_WARN_INFINITE_RECURSION = YES;
				CLANG_WARN_INT_CONVERSION = YES;
				CLANG_WARN_NON_LITERAL_NULL_CONVERSION = YES;
				CLANG_WARN_OBJC_IMPLICIT_RETAIN_SELF = YES;
				CLANG_WARN_OBJC_LITERAL_CONVERSION = YES;
				CLANG_WARN_OBJC_ROOT_CLASS = YES_ERROR;
				CLANG_WARN_RANGE_LOOP_ANALYSIS = YES;
				CLANG_WARN_STRICT_PROTOTYPES = YES;
				CLANG_WARN_SUSPICIOUS_MOVE = YES;
				CLANG_WARN_UNGUARDED_AVAILABILITY = YES_AGGRESSIVE;
				CLANG_WARN_UNREACHABLE_CODE = YES;
				CLANG_WARN__DUPLICATE_METHOD_MATCH = YES;
				CODE_SIGN_IDENTITY = "iPhone Developer";
				COPY_PHASE_STRIP = NO;
				DEBUG_INFORMATION_FORMAT = "dwarf-with-dsym";
				ENABLE_NS_ASSERTIONS = NO;
				ENABLE_STRICT_OBJC_MSGSEND = YES;
				GCC_C_LANGUAGE_STANDARD = gnu11;
				GCC_NO_COMMON_BLOCKS = YES;
				GCC_WARN_64_TO_32_BIT_CONVERSION = YES;
				GCC_WARN_ABOUT_RETURN_TYPE = YES_ERROR;
				GCC_WARN_UNDECLARED_SELECTOR = YES;
				GCC_WARN_UNINITIALIZED_AUTOS = YES_AGGRESSIVE;
				GCC_WARN_UNUSED_FUNCTION = YES;
				GCC_WARN_UNUSED_VARIABLE = YES;
				IPHONEOS_DEPLOYMENT_TARGET = 11.3;
				MTL_ENABLE_DEBUG_INFO = NO;
				SDKROOT = iphoneos;
				SWIFT_OPTIMIZATION_LEVEL = "-Owholemodule";
				VALIDATE_PRODUCT = YES;
			};
			name = Release;
		};
		4BBF9F84208E7A3A0012CE86 /* Debug */ = {
			isa = XCBuildConfiguration;
			baseConfigurationReference = DC109A1296EC6ABAC8E0EC79 /* Pods-Room.debug.xcconfig */;
			buildSettings = {
				ASSETCATALOG_COMPILER_APPICON_NAME = AppIcon;
				CODE_SIGN_IDENTITY = "iPhone Developer";
				CODE_SIGN_STYLE = Automatic;
				DEVELOPMENT_TEAM = 9RTJ28U92J;
				INFOPLIST_FILE = Room/Info.plist;
				LD_RUNPATH_SEARCH_PATHS = "$(inherited) @executable_path/Frameworks";
				PRODUCT_BUNDLE_IDENTIFIER = edu.stanford.tvjensen.Room;
				PRODUCT_NAME = "$(TARGET_NAME)";
				PROVISIONING_PROFILE_SPECIFIER = "";
				SWIFT_VERSION = 4.0;
				TARGETED_DEVICE_FAMILY = "1,2";
			};
			name = Debug;
		};
		4BBF9F85208E7A3A0012CE86 /* Release */ = {
			isa = XCBuildConfiguration;
			baseConfigurationReference = D043A0BF58CBF05F67AC7F66 /* Pods-Room.release.xcconfig */;
			buildSettings = {
				ASSETCATALOG_COMPILER_APPICON_NAME = AppIcon;
				CODE_SIGN_IDENTITY = "iPhone Developer";
				CODE_SIGN_STYLE = Automatic;
				DEVELOPMENT_TEAM = 9RTJ28U92J;
				INFOPLIST_FILE = Room/Info.plist;
				LD_RUNPATH_SEARCH_PATHS = "$(inherited) @executable_path/Frameworks";
				PRODUCT_BUNDLE_IDENTIFIER = edu.stanford.tvjensen.Room;
				PRODUCT_NAME = "$(TARGET_NAME)";
				PROVISIONING_PROFILE_SPECIFIER = "";
				SWIFT_VERSION = 4.0;
				TARGETED_DEVICE_FAMILY = "1,2";
			};
			name = Release;
		};
/* End XCBuildConfiguration section */

/* Begin XCConfigurationList section */
		4BBF9F69208E7A390012CE86 /* Build configuration list for PBXProject "Room" */ = {
			isa = XCConfigurationList;
			buildConfigurations = (
				4BBF9F81208E7A3A0012CE86 /* Debug */,
				4BBF9F82208E7A3A0012CE86 /* Release */,
			);
			defaultConfigurationIsVisible = 0;
			defaultConfigurationName = Release;
		};
		4BBF9F83208E7A3A0012CE86 /* Build configuration list for PBXNativeTarget "Room" */ = {
			isa = XCConfigurationList;
			buildConfigurations = (
				4BBF9F84208E7A3A0012CE86 /* Debug */,
				4BBF9F85208E7A3A0012CE86 /* Release */,
			);
			defaultConfigurationIsVisible = 0;
			defaultConfigurationName = Release;
		};
/* End XCConfigurationList section */

/* Begin XCVersionGroup section */
		4BBF9F78208E7A390012CE86 /* Room.xcdatamodeld */ = {
			isa = XCVersionGroup;
			children = (
				4BBF9F79208E7A390012CE86 /* Room.xcdatamodel */,
			);
			currentVersion = 4BBF9F79208E7A390012CE86 /* Room.xcdatamodel */;
			path = Room.xcdatamodeld;
			sourceTree = "<group>";
			versionGroupType = wrapper.xcdatamodel;
		};
/* End XCVersionGroup section */
	};
	rootObject = 4BBF9F66208E7A390012CE86 /* Project object */;
}
